
Microsoft Visual Studio Solution File, Format Version 12.00
# Visual Studio 15
Project("{FAE04EC0-301F-11D3-BF4B-00C04F79EFBC}") = "Assembly-CSharp", "Assembly-CSharp.csproj", "{298B4683-1ABF-2D5B-E8F9-07BD1C966DBB}"
EndProject
Project("{FAE04EC0-301F-11D3-BF4B-00C04F79EFBC}") = "Assembly-CSharp-Editor", "Assembly-CSharp-Editor.csproj", "{E9D5F252-69A4-285A-8F46-3389C57283C5}"
EndProject
Global
	GlobalSection(SolutionConfigurationPlatforms) = preSolution
		Debug|Any CPU = Debug|Any CPU
		Release|Any CPU = Release|Any CPU
	EndGlobalSection
	GlobalSection(ProjectConfigurationPlatforms) = postSolution
		{298B4683-1ABF-2D5B-E8F9-07BD1C966DBB}.Debug|Any CPU.ActiveCfg = Debug|Any CPU
		{298B4683-1ABF-2D5B-E8F9-07BD1C966DBB}.Debug|Any CPU.Build.0 = Debug|Any CPU
		{298B4683-1ABF-2D5B-E8F9-07BD1C966DBB}.Release|Any CPU.ActiveCfg = Release|Any CPU
		{298B4683-1ABF-2D5B-E8F9-07BD1C966DBB}.Release|Any CPU.Build.0 = Release|Any CPU
		{E9D5F252-69A4-285A-8F46-3389C57283C5}.Debug|Any CPU.ActiveCfg = Debug|Any CPU
		{E9D5F252-69A4-285A-8F46-3389C57283C5}.Debug|Any CPU.Build.0 = Debug|Any CPU
		{E9D5F252-69A4-285A-8F46-3389C57283C5}.Release|Any CPU.ActiveCfg = Release|Any CPU
		{E9D5F252-69A4-285A-8F46-3389C57283C5}.Release|Any CPU.Build.0 = Release|Any CPU
	EndGlobalSection
	GlobalSection(SolutionProperties) = preSolution
		HideSolutionNode = FALSE
	EndGlobalSection
	GlobalSection(MonoDevelopProperties) = preSolution
		StartupItem = Assembly-CSharp.csproj
	EndGlobalSection
EndGlobal
